
Microsoft Visual Studio Solution File, Format Version 12.00
# Visual Studio 2012
Project("{FAE04EC0-301F-11D3-BF4B-00C04F79EFBC}") = "Vortex", "Vortex\Vortex.csproj", "{53015FAA-8FC2-4451-AD0C-1E0ECC9D06E2}"
EndProject
Project("{FAE04EC0-301F-11D3-BF4B-00C04F79EFBC}") = "Vortex.ConsoleApplication", "Vortex.ConsoleApplication\Vortex.ConsoleApplication.csproj", "{161A4CAF-1202-48B2-924F-DC6560C01368}"
EndProject
Project("{FAE04EC0-301F-11D3-BF4B-00C04F79EFBC}") = "Vortex.Tests", "Vortex.Tests\Vortex.Tests.csproj", "{1969A026-43E2-4653-A287-BA4DE0BD0FDC}"
EndProject
Project("{FAE04EC0-301F-11D3-BF4B-00C04F79EFBC}") = "BuildScript", "BuildScript\BuildScript.csproj", "{BA64FF5A-1C14-4396-8B00-846B5EB7E98A}"
EndProject
Project("{2150E333-8FDC-42A3-9474-1A3956D46DE8}") = ".nuget", ".nuget", "{45664294-8DDE-49E8-B80B-465C2E872781}"
	ProjectSection(SolutionItems) = preProject
		.nuget\packages.config = .nuget\packages.config
	EndProjectSection
EndProject
Global
	GlobalSection(SolutionConfigurationPlatforms) = preSolution
		Debug|Any CPU = Debug|Any CPU
		Release|Any CPU = Release|Any CPU
	EndGlobalSection
	GlobalSection(ProjectConfigurationPlatforms) = postSolution
		{53015FAA-8FC2-4451-AD0C-1E0ECC9D06E2}.Debug|Any CPU.ActiveCfg = Debug|Any CPU
		{53015FAA-8FC2-4451-AD0C-1E0ECC9D06E2}.Debug|Any CPU.Build.0 = Debug|Any CPU
		{53015FAA-8FC2-4451-AD0C-1E0ECC9D06E2}.Release|Any CPU.ActiveCfg = Release|Any CPU
		{53015FAA-8FC2-4451-AD0C-1E0ECC9D06E2}.Release|Any CPU.Build.0 = Release|Any CPU
		{161A4CAF-1202-48B2-924F-DC6560C01368}.Debug|Any CPU.ActiveCfg = Debug|Any CPU
		{161A4CAF-1202-48B2-924F-DC6560C01368}.Debug|Any CPU.Build.0 = Debug|Any CPU
		{161A4CAF-1202-48B2-924F-DC6560C01368}.Release|Any CPU.ActiveCfg = Release|Any CPU
		{161A4CAF-1202-48B2-924F-DC6560C01368}.Release|Any CPU.Build.0 = Release|Any CPU
		{1969A026-43E2-4653-A287-BA4DE0BD0FDC}.Debug|Any CPU.ActiveCfg = Debug|Any CPU
		{1969A026-43E2-4653-A287-BA4DE0BD0FDC}.Debug|Any CPU.Build.0 = Debug|Any CPU
		{1969A026-43E2-4653-A287-BA4DE0BD0FDC}.Release|Any CPU.ActiveCfg = Release|Any CPU
		{1969A026-43E2-4653-A287-BA4DE0BD0FDC}.Release|Any CPU.Build.0 = Release|Any CPU
		{BA64FF5A-1C14-4396-8B00-846B5EB7E98A}.Debug|Any CPU.ActiveCfg = Debug|Any CPU
		{BA64FF5A-1C14-4396-8B00-846B5EB7E98A}.Debug|Any CPU.Build.0 = Debug|Any CPU
		{BA64FF5A-1C14-4396-8B00-846B5EB7E98A}.Release|Any CPU.ActiveCfg = Release|Any CPU
		{BA64FF5A-1C14-4396-8B00-846B5EB7E98A}.Release|Any CPU.Build.0 = Release|Any CPU
	EndGlobalSection
	GlobalSection(SolutionProperties) = preSolution
		HideSolutionNode = FALSE
	EndGlobalSection
EndGlobal
